
Microsoft Visual Studio Solution File, Format Version 12.00
# Visual Studio Version 16
VisualStudioVersion = 16.0.30907.101
MinimumVisualStudioVersion = 10.0.40219.1
Project("{8BC9CEB8-8B4A-11D0-8D11-00A0C91BC942}") = "OpenGLRenderer", "OpenGLRenderer\OpenGLRenderer.vcxproj", "{9E5BA140-6311-464E-94C2-D9261FAE867D}"
EndProject
Global
	GlobalSection(SolutionConfigurationPlatforms) = preSolution
		Debug|x64 = Debug|x64
		Release|x64 = Release|x64
	EndGlobalSection
	GlobalSection(ProjectConfigurationPlatforms) = postSolution
		{9E5BA140-6311-464E-94C2-D9261FAE867D}.Debug|x64.ActiveCfg = Debug|x64
		{9E5BA140-6311-464E-94C2-D9261FAE867D}.Debug|x64.Build.0 = Debug|x64
		{9E5BA140-6311-464E-94C2-D9261FAE867D}.Release|x64.ActiveCfg = Release|x64
		{9E5BA140-6311-464E-94C2-D9261FAE867D}.Release|x64.Build.0 = Release|x64
	EndGlobalSection
	GlobalSection(SolutionProperties) = preSolution
		HideSolutionNode = FALSE
	EndGlobalSection
	GlobalSection(ExtensibilityGlobals) = postSolution
		SolutionGuid = {481B374A-F993-451D-A125-75CECF3DC035}
	EndGlobalSection
EndGlobal
